
Microsoft Visual Studio Solution File, Format Version 12.00
# Visual Studio Version 17
VisualStudioVersion = 17.7.34003.232
MinimumVisualStudioVersion = 10.0.40219.1
Project("{FAE04EC0-301F-11D3-BF4B-00C04F79EFBC}") = "Sales.Shared", "Sales.Shared\Sales.Shared.csproj", "{B5B9F46D-4FDF-45CB-A01F-920A8001E6CD}"
EndProject
Project("{FAE04EC0-301F-11D3-BF4B-00C04F79EFBC}") = "Sales.API", "Sales.API\Sales.API.csproj", "{F8052AE7-4378-45AB-A8E8-9A92F7587AF6}"
EndProject
Project("{FAE04EC0-301F-11D3-BF4B-00C04F79EFBC}") = "Sales.WEB", "Sales.WEB\Sales.WEB.csproj", "{E09D655B-A5BC-4227-A288-2DFFA1DF072D}"
EndProject
Project("{FAE04EC0-301F-11D3-BF4B-00C04F79EFBC}") = "Sales.Mobile", "Sales.Mobile\Sales.Mobile.csproj", "{092575F7-9664-4D74-BEA3-3B304DB0DB8C}"
EndProject
Global
	GlobalSection(SolutionConfigurationPlatforms) = preSolution
		Debug|Any CPU = Debug|Any CPU
		Release|Any CPU = Release|Any CPU
	EndGlobalSection
	GlobalSection(ProjectConfigurationPlatforms) = postSolution
		{B5B9F46D-4FDF-45CB-A01F-920A8001E6CD}.Debug|Any CPU.ActiveCfg = Debug|Any CPU
		{B5B9F46D-4FDF-45CB-A01F-920A8001E6CD}.Debug|Any CPU.Build.0 = Debug|Any CPU
		{B5B9F46D-4FDF-45CB-A01F-920A8001E6CD}.Release|Any CPU.ActiveCfg = Release|Any CPU
		{B5B9F46D-4FDF-45CB-A01F-920A8001E6CD}.Release|Any CPU.Build.0 = Release|Any CPU
		{F8052AE7-4378-45AB-A8E8-9A92F7587AF6}.Debug|Any CPU.ActiveCfg = Debug|Any CPU
		{F8052AE7-4378-45AB-A8E8-9A92F7587AF6}.Debug|Any CPU.Build.0 = Debug|Any CPU
		{F8052AE7-4378-45AB-A8E8-9A92F7587AF6}.Release|Any CPU.ActiveCfg = Release|Any CPU
		{F8052AE7-4378-45AB-A8E8-9A92F7587AF6}.Release|Any CPU.Build.0 = Release|Any CPU
		{E09D655B-A5BC-4227-A288-2DFFA1DF072D}.Debug|Any CPU.ActiveCfg = Debug|Any CPU
		{E09D655B-A5BC-4227-A288-2DFFA1DF072D}.Debug|Any CPU.Build.0 = Debug|Any CPU
		{E09D655B-A5BC-4227-A288-2DFFA1DF072D}.Release|Any CPU.ActiveCfg = Release|Any CPU
		{E09D655B-A5BC-4227-A288-2DFFA1DF072D}.Release|Any CPU.Build.0 = Release|Any CPU
		{092575F7-9664-4D74-BEA3-3B304DB0DB8C}.Debug|Any CPU.ActiveCfg = Debug|Any CPU
		{092575F7-9664-4D74-BEA3-3B304DB0DB8C}.Debug|Any CPU.Build.0 = Debug|Any CPU
		{092575F7-9664-4D74-BEA3-3B304DB0DB8C}.Debug|Any CPU.Deploy.0 = Debug|Any CPU
		{092575F7-9664-4D74-BEA3-3B304DB0DB8C}.Release|Any CPU.ActiveCfg = Release|Any CPU
		{092575F7-9664-4D74-BEA3-3B304DB0DB8C}.Release|Any CPU.Build.0 = Release|Any CPU
		{092575F7-9664-4D74-BEA3-3B304DB0DB8C}.Release|Any CPU.Deploy.0 = Release|Any CPU
	EndGlobalSection
	GlobalSection(SolutionProperties) = preSolution
		HideSolutionNode = FALSE
	EndGlobalSection
	GlobalSection(ExtensibilityGlobals) = postSolution
		SolutionGuid = {10590FE3-AC74-42D0-8A5B-95BB19E64DD5}
	EndGlobalSection
EndGlobal
